
Microsoft Visual Studio Solution File, Format Version 12.00
# Visual Studio Version 17
VisualStudioVersion = 17.13.35806.99 d17.13
MinimumVisualStudioVersion = 10.0.40219.1
Project("{FAE04EC0-301F-11D3-BF4B-00C04F79EFBC}") = "NeclusProject", "NeclusProject\NeclusProject.csproj", "{BFE81154-0CE1-4BBD-9C7A-72D1072518C4}"
EndProject
Global
	GlobalSection(SolutionConfigurationPlatforms) = preSolution
		Debug|Any CPU = Debug|Any CPU
		Release|Any CPU = Release|Any CPU
	EndGlobalSection
	GlobalSection(ProjectConfigurationPlatforms) = postSolution
		{BFE81154-0CE1-4BBD-9C7A-72D1072518C4}.Debug|Any CPU.ActiveCfg = Debug|Any CPU
		{BFE81154-0CE1-4BBD-9C7A-72D1072518C4}.Debug|Any CPU.Build.0 = Debug|Any CPU
		{BFE81154-0CE1-4BBD-9C7A-72D1072518C4}.Release|Any CPU.ActiveCfg = Release|Any CPU
		{BFE81154-0CE1-4BBD-9C7A-72D1072518C4}.Release|Any CPU.Build.0 = Release|Any CPU
	EndGlobalSection
	GlobalSection(SolutionProperties) = preSolution
		HideSolutionNode = FALSE
	EndGlobalSection
	GlobalSection(ExtensibilityGlobals) = postSolution
		SolutionGuid = {B94F211C-41BE-491F-923C-3279B9BEDEED}
	EndGlobalSection
EndGlobal
